hash: c66873756b2a55389c3bd9bf0d43bf685392873226f9c0c046f62a3b3e639981
updated: 2018-11-29T09:12:52.492128+08:00
imports:
- name: github.com/Azure/go-ansiterm
  version: d6e3b3328b783f23731bc4d058875b0371ff8109
  subpackages:
  - winterm
- name: github.com/bcext/cashutil
  version: 9ba6cf2922836010e02658df743533b995b0d947
  subpackages:
  - base58
- name: github.com/bcext/gcash
  version: 067de8b6c8108fb5df47ccbea453b0c6e727d5ba
  subpackages:
  - blockchain
  - btcec
  - chaincfg
  - chaincfg/chainhash
  - database
  - txscript
  - wire
- name: github.com/btcsuite/btclog
  version: 84c8d2346e9fc8c7b947e243b9c24e6df9fd206a
- name: github.com/btcsuite/go-socks
  version: 4720035b7bfd2a9bb130b1c184f8bbe41b6f0d0f
  subpackages:
  - socks
- name: github.com/btcsuite/websocket
  version: 31079b6807923eb23992c421b114992b95131b55
- name: github.com/campoy/embedmd
  version: c59ce00e02967db5e93d897330142a3ef6145786
  subpackages:
  - embedmd
- name: github.com/cenkalti/backoff
  version: 62661b46c4093e2c1f38d943e663db1a29873e80
- name: github.com/client9/misspell
  version: c0b55c8239520f6b5aa15a0207ca8b28027ba49e
  subpackages:
  - cmd/misspell
- name: github.com/containerd/continuity
  version: bea7585dbfac2847dbf49a6b8e7738a36c09bc75
  subpackages:
  - pathdriver
- name: github.com/copernet/whc.go
  version: 802d14cc44073f7f49954cbdd48c67d74c7e8712
  subpackages:
  - btcjson
  - rpcclient
- name: github.com/copernet/whccommon
  version: 82967350b19b005cabce0441050aecce4d8b11e4
  repo: https://wormhole-cash:RbVUgHsQGKyy84MoBkV3k1X@gitlab.com/copernet/whccommon.git
  subpackages:
  - log
  - model
- name: github.com/docker/go-connections
  version: 97c2040d34dfae1d1b1275fa3a78dbdd2f41cf7e
  subpackages:
  - nat
- name: github.com/docker/go-units
  version: 2fb04c6466a548a03cb009c5569ee1ab1e35398e
- name: github.com/dustin/go-broadcast
  version: f664265f5a662fb4d1df7f3533b1e8d0e0277120
- name: github.com/fsnotify/fsnotify
  version: ccc981bf80385c528a65fbfdd49bf2d8da22aa23
- name: github.com/garyburd/redigo
  version: 569eae59ada904ea8db7a225c2b47165af08735a
  subpackages:
  - internal
  - redis
- name: github.com/gin-contrib/sse
  version: 22d885f9ecc78bf4ee5d72b937e4bbcdc58e8cae
- name: github.com/gin-gonic/autotls
  version: be87bd5ef97b7398e468c35ad266aabf099a095b
- name: github.com/gin-gonic/gin
  version: b524e29442c4948052be887570b4bced28682e6b
  subpackages:
  - binding
  - internal/json
  - render
- name: github.com/go-sql-driver/mysql
  version: fd197cdcfae0c686792ef5399f223f5b66a30b6b
- name: github.com/golang/protobuf
  version: 1918e1ff6ffd2be7bed0553df8650672c3bfe80d
  subpackages:
  - proto
  - ptypes
  - ptypes/any
  - ptypes/duration
  - ptypes/timestamp
- name: github.com/gomodule/redigo
  version: e8fc0692a7e26a05b06517348ed466349062eb47
  subpackages:
  - redis
- name: github.com/hashicorp/hcl
  version: 65a6292f0157eff210d03ed1bf6c59b190b8b906
  subpackages:
  - hcl/ast
  - hcl/parser
  - hcl/printer
  - hcl/scanner
  - hcl/strconv
  - hcl/token
  - json/parser
  - json/scanner
  - json/token
- name: github.com/jessevdk/go-assets
  version: 4f4301a06e153ff90e17793577ab6bf79f8dc5c5
- name: github.com/jinzhu/gorm
  version: 742154be9a26e849f02d296073c077e0a7c23828
  subpackages:
  - dialects/mysql
- name: github.com/jinzhu/inflection
  version: 04140366298a54a039076d798123ffa108fff46c
- name: github.com/json-iterator/go
  version: 05d041de1043ba04b678fb046bd35455a9b1b33b
- name: github.com/konsorten/go-windows-terminal-sequences
  version: 5c8c8bd35d3832f5d134ae1e1e375b69a4d25242
- name: github.com/lestrrat/go-file-rotatelogs
  version: d3151e2a480fdcd05fb97102f5310a47d96274c4
- name: github.com/lestrrat/go-strftime
  version: ba3bf9c1d0421aa146564a632931730344f1f9f1
- name: github.com/magiconair/properties
  version: c2353362d570a7bfa228149c62842019201cfb71
- name: github.com/manucorporat/stats
  version: 3ba42d56d227cf2a6086b63baba5e00669235853
- name: github.com/mattn/go-isatty
  version: 3fb116b820352b7f0c281308a4d6250c22d94e27
- name: github.com/Microsoft/go-winio
  version: 97e4973ce50b2ff5f09635a57e2b88a037aae829
- name: github.com/mitchellh/mapstructure
  version: 3536a929edddb9a5b34bd6861dc4a9647cb459fe
- name: github.com/modern-go/concurrent
  version: bacd9c7ef1dd9b15be4a9909b8ac7a4e313eec94
- name: github.com/modern-go/reflect2
  version: 94122c33edd36123c84d5368cfb2b69df93a0ec8
- name: github.com/Nvveen/Gotty
  version: cd527374f1e5bff4938207604a14f2e38a9cf512
- name: github.com/opencontainers/go-digest
  version: c9281466c8b2f606084ac71339773efd177436e7
- name: github.com/opencontainers/image-spec
  version: 09950c5fb1bb6745e72aa26ecde0d540e35f5286
  subpackages:
  - specs-go
  - specs-go/v1
- name: github.com/opencontainers/runc
  version: b1068fb9258d2cc5aa59505fbb703d914120013d
  subpackages:
  - libcontainer/user
- name: github.com/ory/dockertest
  version: e438465465fd8ceebed13e6c4e1753170d2dfc9c
  subpackages:
  - docker
  - docker/opts
  - docker/pkg/archive
  - docker/pkg/fileutils
  - docker/pkg/homedir
  - docker/pkg/idtools
  - docker/pkg/ioutils
  - docker/pkg/jsonmessage
  - docker/pkg/longpath
  - docker/pkg/mount
  - docker/pkg/pools
  - docker/pkg/stdcopy
  - docker/pkg/system
  - docker/pkg/term
  - docker/pkg/term/windows
  - docker/types
  - docker/types/blkiodev
  - docker/types/container
  - docker/types/filters
  - docker/types/mount
  - docker/types/network
  - docker/types/registry
  - docker/types/strslice
  - docker/types/versions
- name: github.com/pelletier/go-toml
  version: 81a861c69d25a841d0c4394f0e6f84bc8c5afae0
- name: github.com/pkg/errors
  version: 059132a15dd08d6704c67711dae0cf35ab991756
- name: github.com/pmezard/go-difflib
  version: 792786c7400a136282c1664665ae0a8db921c6c2
  subpackages:
  - difflib
- name: github.com/rifflock/lfshook
  version: b9218ef580f59a2e72dad1aa33d660150445d05a
- name: github.com/satori/go.uuid
  version: b2ce2384e17bbe0c6d34077efa39dbab3e09123b
- name: github.com/shopspring/decimal
  version: cd690d0c9e2447b1ef2a129a6b7b49077da89b8e
- name: github.com/sirupsen/logrus
  version: 7eeb7b7cbdeb0a582a5b7a1512d91f956f1674aa
- name: github.com/spf13/afero
  version: d40851caa0d747393da1ffb28f7f9d8b4eeffebd
  subpackages:
  - mem
- name: github.com/spf13/cast
  version: 8c9545af88b134710ab1cd196795e7f2388358d7
- name: github.com/spf13/jwalterweatherman
  version: 94f6ae3ed3bceceafa716478c5fbf8d29ca601a1
- name: github.com/spf13/pflag
  version: 082b515c9490f4eccc758469c3152b77d139f868
- name: github.com/spf13/viper
  version: 62edee319679b6ceaec16de03b966102d2dea709
- name: github.com/stretchr/testify
  version: f35b8ab0b5a2cef36673838d662e249dd9c94686
  subpackages:
  - assert
- name: github.com/thinkerou/favicon
  version: 94a442a49da6e2d44bdd5e0d2e2e185c43a19d93
- name: github.com/ugorji/go
  version: e5e69e061d4f7ee3a69b793cf9c1b41afe21918e
  subpackages:
  - codec
- name: golang.org/x/crypto
  version: 4d3f4d9ffa16a13f451c3b2999e9c49e9750bf06
  subpackages:
  - acme
  - acme/autocert
  - ripemd160
  - ssh/terminal
- name: golang.org/x/lint
  version: c67002cb31c3a748b7688c27f20d8358b4193582
  subpackages:
  - golint
- name: golang.org/x/net
  version: c10e9556a7bc0e7c942242b606f0acf024ad5d6a
  subpackages:
  - context
  - http/httpguts
  - http2
  - http2/hpack
  - idna
  - internal/timeseries
  - trace
- name: golang.org/x/sys
  version: 9b800f95dbbc54abff0acf7ee32d88ba4e328c89
  subpackages:
  - unix
  - windows
- name: golang.org/x/text
  version: 6f44c5a2ea40ee3593d98cdcc905cc1fdaa660e2
  subpackages:
  - secure/bidirule
  - transform
  - unicode/bidi
  - unicode/norm
- name: golang.org/x/tools
  version: 92b943e6bff73e0dfe9e975d94043d8f31067b06
  subpackages:
  - go/ast/astutil
  - go/gcexportdata
  - go/internal/gcimporter
- name: google.golang.org/appengine
  version: 4a4468ece617fc8205e99368fa2200e9d1fad421
  subpackages:
  - cloudsql
- name: google.golang.org/genproto
  version: c830210a61dfaa790e1920f8d0470fc27bc2efbe
  subpackages:
  - googleapis/rpc/status
- name: google.golang.org/grpc
  version: 59a2cfbdf9272f6334fe4856b6e7c8d212845b3d
  subpackages:
  - balancer
  - balancer/base
  - balancer/roundrobin
  - binarylog/grpc_binarylog_v1
  - codes
  - connectivity
  - credentials
  - encoding
  - encoding/proto
  - grpclog
  - internal
  - internal/backoff
  - internal/binarylog
  - internal/channelz
  - internal/envconfig
  - internal/grpcrand
  - internal/transport
  - keepalive
  - metadata
  - naming
  - peer
  - resolver
  - resolver/dns
  - resolver/passthrough
  - stats
  - status
  - tap
- name: gopkg.in/go-playground/validator.v8
  version: 5f1438d3fca68893a817e4a66806cea46a9e4ebf
- name: gopkg.in/yaml.v2
  version: 5420a8b6744d3b0345ab293f6fcba19c978f1183
testImports:
- name: github.com/davecgh/go-spew
  version: d8f796af33cc11cb798c1aaeb27a4ebc5099927d
  subpackages:
  - spew
